
Microsoft Visual Studio Solution File, Format Version 12.00
# Visual Studio Version 17
VisualStudioVersion = 17.9.34607.119
MinimumVisualStudioVersion = 10.0.40219.1
Project("{FAE04EC0-301F-11D3-BF4B-00C04F79EFBC}") = "TVProject.Web", "TVProject.Web\TVProject.Web.csproj", "{64DC1DA9-CB41-48DD-A214-3961A3336919}"
EndProject
Global
	GlobalSection(SolutionConfigurationPlatforms) = preSolution
		Debug|Any CPU = Debug|Any CPU
		Release|Any CPU = Release|Any CPU
	EndGlobalSection
	GlobalSection(ProjectConfigurationPlatforms) = postSolution
		{64DC1DA9-CB41-48DD-A214-3961A3336919}.Debug|Any CPU.ActiveCfg = Debug|Any CPU
		{64DC1DA9-CB41-48DD-A214-3961A3336919}.Debug|Any CPU.Build.0 = Debug|Any CPU
		{64DC1DA9-CB41-48DD-A214-3961A3336919}.Release|Any CPU.ActiveCfg = Release|Any CPU
		{64DC1DA9-CB41-48DD-A214-3961A3336919}.Release|Any CPU.Build.0 = Release|Any CPU
	EndGlobalSection
	GlobalSection(SolutionProperties) = preSolution
		HideSolutionNode = FALSE
	EndGlobalSection
	GlobalSection(ExtensibilityGlobals) = postSolution
		SolutionGuid = {FC387CB9-FFDD-418E-8E81-45AA4BF0BEC1}
	EndGlobalSection
EndGlobal
